
Microsoft Visual Studio Solution File, Format Version 12.00
# Visual Studio Version 16
VisualStudioVersion = 16.0.30523.141
MinimumVisualStudioVersion = 10.0.40219.1
Project("{9A19103F-16F7-4668-BE54-9A1E7A4F7556}") = "WebSchool.Web", "WebSchool\WebSchool.Web.csproj", "{944341F3-7058-451B-A71C-E32028408037}"
EndProject
Project("{9A19103F-16F7-4668-BE54-9A1E7A4F7556}") = "WebSchool.Data", "WebSchool.Data\WebSchool.Data.csproj", "{2B030384-1DA3-4242-BD50-211EE41986FF}"
EndProject
Project("{9A19103F-16F7-4668-BE54-9A1E7A4F7556}") = "WebSchool.Services", "WebSchool.Services\WebSchool.Services.csproj", "{92CD66E0-1AE1-4083-B874-346AF394F50A}"
EndProject
Project("{9A19103F-16F7-4668-BE54-9A1E7A4F7556}") = "WebSchool.ViewModels", "WebSchool.ViewModels\WebSchool.ViewModels.csproj", "{5D14A2A8-FC54-43EB-BA11-5760E448AE89}"
EndProject
Project("{9A19103F-16F7-4668-BE54-9A1E7A4F7556}") = "WebSchool.Tests", "WebSchool.Tests\WebSchool.Tests.csproj", "{0A155021-401D-4AE7-8600-EE74CB6A986E}"
EndProject
Global
	GlobalSection(SolutionConfigurationPlatforms) = preSolution
		Debug|Any CPU = Debug|Any CPU
		Release|Any CPU = Release|Any CPU
	EndGlobalSection
	GlobalSection(ProjectConfigurationPlatforms) = postSolution
		{944341F3-7058-451B-A71C-E32028408037}.Debug|Any CPU.ActiveCfg = Debug|Any CPU
		{944341F3-7058-451B-A71C-E32028408037}.Debug|Any CPU.Build.0 = Debug|Any CPU
		{944341F3-7058-451B-A71C-E32028408037}.Release|Any CPU.ActiveCfg = Release|Any CPU
		{944341F3-7058-451B-A71C-E32028408037}.Release|Any CPU.Build.0 = Release|Any CPU
		{2B030384-1DA3-4242-BD50-211EE41986FF}.Debug|Any CPU.ActiveCfg = Debug|Any CPU
		{2B030384-1DA3-4242-BD50-211EE41986FF}.Debug|Any CPU.Build.0 = Debug|Any CPU
		{2B030384-1DA3-4242-BD50-211EE41986FF}.Release|Any CPU.ActiveCfg = Release|Any CPU
		{2B030384-1DA3-4242-BD50-211EE41986FF}.Release|Any CPU.Build.0 = Release|Any CPU
		{92CD66E0-1AE1-4083-B874-346AF394F50A}.Debug|Any CPU.ActiveCfg = Debug|Any CPU
		{92CD66E0-1AE1-4083-B874-346AF394F50A}.Debug|Any CPU.Build.0 = Debug|Any CPU
		{92CD66E0-1AE1-4083-B874-346AF394F50A}.Release|Any CPU.ActiveCfg = Release|Any CPU
		{92CD66E0-1AE1-4083-B874-346AF394F50A}.Release|Any CPU.Build.0 = Release|Any CPU
		{5D14A2A8-FC54-43EB-BA11-5760E448AE89}.Debug|Any CPU.ActiveCfg = Debug|Any CPU
		{5D14A2A8-FC54-43EB-BA11-5760E448AE89}.Debug|Any CPU.Build.0 = Debug|Any CPU
		{5D14A2A8-FC54-43EB-BA11-5760E448AE89}.Release|Any CPU.ActiveCfg = Release|Any CPU
		{5D14A2A8-FC54-43EB-BA11-5760E448AE89}.Release|Any CPU.Build.0 = Release|Any CPU
		{0A155021-401D-4AE7-8600-EE74CB6A986E}.Debug|Any CPU.ActiveCfg = Debug|Any CPU
		{0A155021-401D-4AE7-8600-EE74CB6A986E}.Debug|Any CPU.Build.0 = Debug|Any CPU
		{0A155021-401D-4AE7-8600-EE74CB6A986E}.Release|Any CPU.ActiveCfg = Release|Any CPU
		{0A155021-401D-4AE7-8600-EE74CB6A986E}.Release|Any CPU.Build.0 = Release|Any CPU
	EndGlobalSection
	GlobalSection(SolutionProperties) = preSolution
		HideSolutionNode = FALSE
	EndGlobalSection
	GlobalSection(ExtensibilityGlobals) = postSolution
		SolutionGuid = {5DAAC8F5-3884-4983-84BD-A504B59589E0}
	EndGlobalSection
EndGlobal
