
Microsoft Visual Studio Solution File, Format Version 12.00
# Visual Studio Version 16
VisualStudioVersion = 16.0.30523.141
MinimumVisualStudioVersion = 10.0.40219.1
Project("{FAE04EC0-301F-11D3-BF4B-00C04F79EFBC}") = "WebSchool", "WebSchool\WebSchool.csproj", "{944341F3-7058-451B-A71C-E32028408037}"
EndProject
Global
	GlobalSection(SolutionConfigurationPlatforms) = preSolution
		Debug|Any CPU = Debug|Any CPU
		Release|Any CPU = Release|Any CPU
	EndGlobalSection
	GlobalSection(ProjectConfigurationPlatforms) = postSolution
		{944341F3-7058-451B-A71C-E32028408037}.Debug|Any CPU.ActiveCfg = Debug|Any CPU
		{944341F3-7058-451B-A71C-E32028408037}.Debug|Any CPU.Build.0 = Debug|Any CPU
		{944341F3-7058-451B-A71C-E32028408037}.Release|Any CPU.ActiveCfg = Release|Any CPU
		{944341F3-7058-451B-A71C-E32028408037}.Release|Any CPU.Build.0 = Release|Any CPU
	EndGlobalSection
	GlobalSection(SolutionProperties) = preSolution
		HideSolutionNode = FALSE
	EndGlobalSection
	GlobalSection(ExtensibilityGlobals) = postSolution
		SolutionGuid = {5DAAC8F5-3884-4983-84BD-A504B59589E0}
	EndGlobalSection
EndGlobal
